
Microsoft Visual Studio Solution File, Format Version 12.00
# Visual Studio Version 16
VisualStudioVersion = 16.0.30907.101
MinimumVisualStudioVersion = 10.0.40219.1
Project("{2150E333-8FDC-42A3-9474-1A3956D46DE8}") = "_Solution files", "_Solution files", "{C144957E-0895-4B3B-8560-01239E44AD43}"
EndProject
Project("{2150E333-8FDC-42A3-9474-1A3956D46DE8}") = "Plugins", "Plugins", "{5DAE2E1C-F837-4D62-BDFF-CBD5F418998B}"
EndProject
Project("{9A19103F-16F7-4668-BE54-9A1E7A4F7556}") = "SuperMemoAssistant.Plugins.EpubImporter", "src\SuperMemoAssistant.Plugins.EpubImporter\SuperMemoAssistant.Plugins.EpubImporter.csproj", "{2268D8A8-C7A2-4B0E-85B8-8F7240694701}"
EndProject
Project("{2150E333-8FDC-42A3-9474-1A3956D46DE8}") = "Tests", "Tests", "{1AE3CE05-6DCF-49F0-8D17-84ADB30E6360}"
EndProject
Project("{9A19103F-16F7-4668-BE54-9A1E7A4F7556}") = "SuperMemoAssistant.Plugins.EpubImporter.Tests", "src\SuperMemoAssistant.Plugins.EpubImporter.Tests\SuperMemoAssistant.Plugins.EpubImporter.Tests.csproj", "{AD761554-E41C-4404-9F47-C709267BE0F0}"
EndProject
Project("{9A19103F-16F7-4668-BE54-9A1E7A4F7556}") = "EpubSharp", "..\EpubSharp\EpubSharp\EpubSharp.csproj", "{3FEAABC0-97B3-47B2-86EF-8B699DF64517}"
EndProject
Global
	GlobalSection(SolutionConfigurationPlatforms) = preSolution
		1. Alpha (Debug)|Any CPU = 1. Alpha (Debug)|Any CPU
		2. Beta (Release)|Any CPU = 2. Beta (Release)|Any CPU
		3. Stable (Release)|Any CPU = 3. Stable (Release)|Any CPU
		Debug|Any CPU = Debug|Any CPU
		Release|Any CPU = Release|Any CPU
	EndGlobalSection
	GlobalSection(ProjectConfigurationPlatforms) = postSolution
		{2268D8A8-C7A2-4B0E-85B8-8F7240694701}.1. Alpha (Debug)|Any CPU.ActiveCfg = Debug|Any CPU
		{2268D8A8-C7A2-4B0E-85B8-8F7240694701}.1. Alpha (Debug)|Any CPU.Build.0 = Debug|Any CPU
		{2268D8A8-C7A2-4B0E-85B8-8F7240694701}.2. Beta (Release)|Any CPU.ActiveCfg = Release|Any CPU
		{2268D8A8-C7A2-4B0E-85B8-8F7240694701}.2. Beta (Release)|Any CPU.Build.0 = Release|Any CPU
		{2268D8A8-C7A2-4B0E-85B8-8F7240694701}.3. Stable (Release)|Any CPU.ActiveCfg = Release|Any CPU
		{2268D8A8-C7A2-4B0E-85B8-8F7240694701}.3. Stable (Release)|Any CPU.Build.0 = Release|Any CPU
		{2268D8A8-C7A2-4B0E-85B8-8F7240694701}.Debug|Any CPU.ActiveCfg = Debug|Any CPU
		{2268D8A8-C7A2-4B0E-85B8-8F7240694701}.Debug|Any CPU.Build.0 = Debug|Any CPU
		{2268D8A8-C7A2-4B0E-85B8-8F7240694701}.Release|Any CPU.ActiveCfg = Release|Any CPU
		{2268D8A8-C7A2-4B0E-85B8-8F7240694701}.Release|Any CPU.Build.0 = Release|Any CPU
		{AD761554-E41C-4404-9F47-C709267BE0F0}.1. Alpha (Debug)|Any CPU.ActiveCfg = Debug|Any CPU
		{AD761554-E41C-4404-9F47-C709267BE0F0}.1. Alpha (Debug)|Any CPU.Build.0 = Debug|Any CPU
		{AD761554-E41C-4404-9F47-C709267BE0F0}.2. Beta (Release)|Any CPU.ActiveCfg = Release|Any CPU
		{AD761554-E41C-4404-9F47-C709267BE0F0}.2. Beta (Release)|Any CPU.Build.0 = Release|Any CPU
		{AD761554-E41C-4404-9F47-C709267BE0F0}.3. Stable (Release)|Any CPU.ActiveCfg = Release|Any CPU
		{AD761554-E41C-4404-9F47-C709267BE0F0}.3. Stable (Release)|Any CPU.Build.0 = Release|Any CPU
		{AD761554-E41C-4404-9F47-C709267BE0F0}.Debug|Any CPU.ActiveCfg = Debug|Any CPU
		{AD761554-E41C-4404-9F47-C709267BE0F0}.Debug|Any CPU.Build.0 = Debug|Any CPU
		{AD761554-E41C-4404-9F47-C709267BE0F0}.Release|Any CPU.ActiveCfg = Release|Any CPU
		{AD761554-E41C-4404-9F47-C709267BE0F0}.Release|Any CPU.Build.0 = Release|Any CPU
		{3FEAABC0-97B3-47B2-86EF-8B699DF64517}.1. Alpha (Debug)|Any CPU.ActiveCfg = Debug|Any CPU
		{3FEAABC0-97B3-47B2-86EF-8B699DF64517}.1. Alpha (Debug)|Any CPU.Build.0 = Debug|Any CPU
		{3FEAABC0-97B3-47B2-86EF-8B699DF64517}.2. Beta (Release)|Any CPU.ActiveCfg = Release|Any CPU
		{3FEAABC0-97B3-47B2-86EF-8B699DF64517}.2. Beta (Release)|Any CPU.Build.0 = Release|Any CPU
		{3FEAABC0-97B3-47B2-86EF-8B699DF64517}.3. Stable (Release)|Any CPU.ActiveCfg = Release|Any CPU
		{3FEAABC0-97B3-47B2-86EF-8B699DF64517}.3. Stable (Release)|Any CPU.Build.0 = Release|Any CPU
		{3FEAABC0-97B3-47B2-86EF-8B699DF64517}.Debug|Any CPU.ActiveCfg = Debug|Any CPU
		{3FEAABC0-97B3-47B2-86EF-8B699DF64517}.Debug|Any CPU.Build.0 = Debug|Any CPU
		{3FEAABC0-97B3-47B2-86EF-8B699DF64517}.Release|Any CPU.ActiveCfg = Release|Any CPU
		{3FEAABC0-97B3-47B2-86EF-8B699DF64517}.Release|Any CPU.Build.0 = Release|Any CPU
	EndGlobalSection
	GlobalSection(SolutionProperties) = preSolution
		HideSolutionNode = FALSE
	EndGlobalSection
	GlobalSection(NestedProjects) = preSolution
		{2268D8A8-C7A2-4B0E-85B8-8F7240694701} = {5DAE2E1C-F837-4D62-BDFF-CBD5F418998B}
		{AD761554-E41C-4404-9F47-C709267BE0F0} = {1AE3CE05-6DCF-49F0-8D17-84ADB30E6360}
	EndGlobalSection
	GlobalSection(ExtensibilityGlobals) = postSolution
		SolutionGuid = {439B8407-DCB5-4DF0-ACC1-9B903B524CA4}
	EndGlobalSection
EndGlobal
